
Microsoft Visual Studio Solution File, Format Version 12.00
# Visual Studio Version 17
VisualStudioVersion = 17.11.35327.3
MinimumVisualStudioVersion = 10.0.40219.1
Project("{FAE04EC0-301F-11D3-BF4B-00C04F79EFBC}") = "IfConditionPracticle", "IfConditionPracticle\IfConditionPracticle.csproj", "{3BABEC91-E7AD-424C-ABE6-A9D94B5E43CB}"
EndProject
Global
	GlobalSection(SolutionConfigurationPlatforms) = preSolution
		Debug|Any CPU = Debug|Any CPU
		Release|Any CPU = Release|Any CPU
	EndGlobalSection
	GlobalSection(ProjectConfigurationPlatforms) = postSolution
		{3BABEC91-E7AD-424C-ABE6-A9D94B5E43CB}.Debug|Any CPU.ActiveCfg = Debug|Any CPU
		{3BABEC91-E7AD-424C-ABE6-A9D94B5E43CB}.Debug|Any CPU.Build.0 = Debug|Any CPU
		{3BABEC91-E7AD-424C-ABE6-A9D94B5E43CB}.Release|Any CPU.ActiveCfg = Release|Any CPU
		{3BABEC91-E7AD-424C-ABE6-A9D94B5E43CB}.Release|Any CPU.Build.0 = Release|Any CPU
	EndGlobalSection
	GlobalSection(SolutionProperties) = preSolution
		HideSolutionNode = FALSE
	EndGlobalSection
	GlobalSection(ExtensibilityGlobals) = postSolution
		SolutionGuid = {BC6F81B9-3A12-40B0-862A-0455032939DC}
	EndGlobalSection
EndGlobal
